
Microsoft Visual Studio Solution File, Format Version 12.00
# Visual Studio Version 17
VisualStudioVersion = 17.1.32228.430
MinimumVisualStudioVersion = 10.0.40219.1
Project("{FAE04EC0-301F-11D3-BF4B-00C04F79EFBC}") = "ProjektDotnet", "ProjektDotnet\ProjektDotnet.csproj", "{39542C47-EFE0-4B20-A028-58070D020CA5}"
EndProject
Global
	GlobalSection(SolutionConfigurationPlatforms) = preSolution
		Debug|Any CPU = Debug|Any CPU
		Release|Any CPU = Release|Any CPU
	EndGlobalSection
	GlobalSection(ProjectConfigurationPlatforms) = postSolution
		{39542C47-EFE0-4B20-A028-58070D020CA5}.Debug|Any CPU.ActiveCfg = Debug|Any CPU
		{39542C47-EFE0-4B20-A028-58070D020CA5}.Debug|Any CPU.Build.0 = Debug|Any CPU
		{39542C47-EFE0-4B20-A028-58070D020CA5}.Release|Any CPU.ActiveCfg = Release|Any CPU
		{39542C47-EFE0-4B20-A028-58070D020CA5}.Release|Any CPU.Build.0 = Release|Any CPU
	EndGlobalSection
	GlobalSection(SolutionProperties) = preSolution
		HideSolutionNode = FALSE
	EndGlobalSection
	GlobalSection(ExtensibilityGlobals) = postSolution
		SolutionGuid = {0439F302-4FE1-46A8-ADC8-81EC343ED2A9}
	EndGlobalSection
EndGlobal
